
Microsoft Visual Studio Solution File, Format Version 12.00
# Visual Studio Version 16
VisualStudioVersion = 16.0.29201.188
MinimumVisualStudioVersion = 10.0.40219.1
Project("{FAE04EC0-301F-11D3-BF4B-00C04F79EFBC}") = "MyShop.Core", "..\Core\MyShop.Core\MyShop.Core.csproj", "{304D0298-904D-4BB6-A393-11EBC6BC93DF}"
EndProject
Project("{FAE04EC0-301F-11D3-BF4B-00C04F79EFBC}") = "MyShop.Services", "..\Services\MyShop.Services\MyShop.Services.csproj", "{918E8659-9CC3-4EC6-BBA4-FBE3CE759715}"
EndProject
Project("{FAE04EC0-301F-11D3-BF4B-00C04F79EFBC}") = "MyShop.DataAccess.SQL", "..\DataAccess\MyShop.DataAccess.SQL\MyShop.DataAccess.SQL.csproj", "{53D6594D-3A9E-40E7-8C55-BCDC12A43C32}"
EndProject
Project("{FAE04EC0-301F-11D3-BF4B-00C04F79EFBC}") = "MyShop.DataAccess.InMemory", "..\InMemory\MyShop.DataAccess.InMemory\MyShop.DataAccess.InMemory.csproj", "{37A1C289-B288-4854-AE13-6FA1491D58F1}"
EndProject
Project("{FAE04EC0-301F-11D3-BF4B-00C04F79EFBC}") = "WebUI", "..\WebUI\WebUI\WebUI.csproj", "{5F39E849-48CF-4260-A59B-95DC229C66BA}"
EndProject
Project("{FAE04EC0-301F-11D3-BF4B-00C04F79EFBC}") = "WebUI.Tests", "WebUI.Tests\WebUI.Tests.csproj", "{B10016A8-0A40-4432-AEF2-53056639527C}"
EndProject
Global
	GlobalSection(SolutionConfigurationPlatforms) = preSolution
		Debug|Any CPU = Debug|Any CPU
		Release|Any CPU = Release|Any CPU
	EndGlobalSection
	GlobalSection(ProjectConfigurationPlatforms) = postSolution
		{304D0298-904D-4BB6-A393-11EBC6BC93DF}.Debug|Any CPU.ActiveCfg = Debug|Any CPU
		{304D0298-904D-4BB6-A393-11EBC6BC93DF}.Debug|Any CPU.Build.0 = Debug|Any CPU
		{304D0298-904D-4BB6-A393-11EBC6BC93DF}.Release|Any CPU.ActiveCfg = Release|Any CPU
		{304D0298-904D-4BB6-A393-11EBC6BC93DF}.Release|Any CPU.Build.0 = Release|Any CPU
		{918E8659-9CC3-4EC6-BBA4-FBE3CE759715}.Debug|Any CPU.ActiveCfg = Debug|Any CPU
		{918E8659-9CC3-4EC6-BBA4-FBE3CE759715}.Debug|Any CPU.Build.0 = Debug|Any CPU
		{918E8659-9CC3-4EC6-BBA4-FBE3CE759715}.Release|Any CPU.ActiveCfg = Release|Any CPU
		{918E8659-9CC3-4EC6-BBA4-FBE3CE759715}.Release|Any CPU.Build.0 = Release|Any CPU
		{53D6594D-3A9E-40E7-8C55-BCDC12A43C32}.Debug|Any CPU.ActiveCfg = Debug|Any CPU
		{53D6594D-3A9E-40E7-8C55-BCDC12A43C32}.Debug|Any CPU.Build.0 = Debug|Any CPU
		{53D6594D-3A9E-40E7-8C55-BCDC12A43C32}.Release|Any CPU.ActiveCfg = Release|Any CPU
		{53D6594D-3A9E-40E7-8C55-BCDC12A43C32}.Release|Any CPU.Build.0 = Release|Any CPU
		{37A1C289-B288-4854-AE13-6FA1491D58F1}.Debug|Any CPU.ActiveCfg = Debug|Any CPU
		{37A1C289-B288-4854-AE13-6FA1491D58F1}.Debug|Any CPU.Build.0 = Debug|Any CPU
		{37A1C289-B288-4854-AE13-6FA1491D58F1}.Release|Any CPU.ActiveCfg = Release|Any CPU
		{37A1C289-B288-4854-AE13-6FA1491D58F1}.Release|Any CPU.Build.0 = Release|Any CPU
		{5F39E849-48CF-4260-A59B-95DC229C66BA}.Debug|Any CPU.ActiveCfg = Debug|Any CPU
		{5F39E849-48CF-4260-A59B-95DC229C66BA}.Debug|Any CPU.Build.0 = Debug|Any CPU
		{5F39E849-48CF-4260-A59B-95DC229C66BA}.Release|Any CPU.ActiveCfg = Release|Any CPU
		{5F39E849-48CF-4260-A59B-95DC229C66BA}.Release|Any CPU.Build.0 = Release|Any CPU
		{B10016A8-0A40-4432-AEF2-53056639527C}.Debug|Any CPU.ActiveCfg = Debug|Any CPU
		{B10016A8-0A40-4432-AEF2-53056639527C}.Debug|Any CPU.Build.0 = Debug|Any CPU
		{B10016A8-0A40-4432-AEF2-53056639527C}.Release|Any CPU.ActiveCfg = Release|Any CPU
		{B10016A8-0A40-4432-AEF2-53056639527C}.Release|Any CPU.Build.0 = Release|Any CPU
	EndGlobalSection
	GlobalSection(SolutionProperties) = preSolution
		HideSolutionNode = FALSE
	EndGlobalSection
	GlobalSection(ExtensibilityGlobals) = postSolution
		SolutionGuid = {B00CF725-1CCF-41D0-AB2D-57BCCE7F137B}
	EndGlobalSection
EndGlobal
